
Microsoft Visual Studio Solution File, Format Version 12.00
# Visual Studio Version 17
VisualStudioVersion = 17.4.33213.308
MinimumVisualStudioVersion = 10.0.40219.1
Project("{2150E333-8FDC-42A3-9474-1A3956D46DE8}") = "src", "src", "{D380CCBE-1ECE-40C6-9AA9-33AC4AA655F1}"
EndProject
Project("{2150E333-8FDC-42A3-9474-1A3956D46DE8}") = "Presentation", "Presentation", "{16B03E76-BC65-4E3B-AD76-879A1D38A691}"
EndProject
Project("{2150E333-8FDC-42A3-9474-1A3956D46DE8}") = "Infrastructure", "Infrastructure", "{54EEE9C5-8959-43F7-B9B1-16F01A100E85}"
EndProject
Project("{2150E333-8FDC-42A3-9474-1A3956D46DE8}") = "Application", "Application", "{61012060-1E40-4255-B1A5-6FEA9CE767B4}"
EndProject
Project("{2150E333-8FDC-42A3-9474-1A3956D46DE8}") = "Domain", "Domain", "{B112E2EC-7113-4ACF-A4B7-0F1076AD2E30}"
EndProject
Project("{FAE04EC0-301F-11D3-BF4B-00C04F79EFBC}") = "BancoInvest.Domain", "BancoInvest.Domain\BancoInvest.Domain.csproj", "{710A9191-D20A-4B18-B9BA-CE90AD29C5EF}"
EndProject
Project("{FAE04EC0-301F-11D3-BF4B-00C04F79EFBC}") = "BancoInvest.Infra.Data", "BancoInvest.Infra.Data\BancoInvest.Infra.Data.csproj", "{E52851FF-6340-491A-BC29-97DF0427CC65}"
EndProject
Project("{FAE04EC0-301F-11D3-BF4B-00C04F79EFBC}") = "BancoInvest.Infra.IoC", "BancoInvest.Infra.IoC\BancoInvest.Infra.IoC.csproj", "{D6409758-8D7A-47EA-8DC9-3FCCEA68A03B}"
EndProject
Project("{FAE04EC0-301F-11D3-BF4B-00C04F79EFBC}") = "BancoInvest.Application", "BancoInvest.Application\BancoInvest.Application.csproj", "{3806DD9A-5E69-4C1D-9188-B97E87706F4F}"
EndProject
Project("{FAE04EC0-301F-11D3-BF4B-00C04F79EFBC}") = "BancoInvest.MVC", "BancoInvest.MVC\BancoInvest.MVC.csproj", "{A3DE4B9B-8865-4926-85AF-3DA91D884C19}"
EndProject
Global
	GlobalSection(SolutionConfigurationPlatforms) = preSolution
		Debug|Any CPU = Debug|Any CPU
		Release|Any CPU = Release|Any CPU
	EndGlobalSection
	GlobalSection(ProjectConfigurationPlatforms) = postSolution
		{710A9191-D20A-4B18-B9BA-CE90AD29C5EF}.Debug|Any CPU.ActiveCfg = Debug|Any CPU
		{710A9191-D20A-4B18-B9BA-CE90AD29C5EF}.Debug|Any CPU.Build.0 = Debug|Any CPU
		{710A9191-D20A-4B18-B9BA-CE90AD29C5EF}.Release|Any CPU.ActiveCfg = Release|Any CPU
		{710A9191-D20A-4B18-B9BA-CE90AD29C5EF}.Release|Any CPU.Build.0 = Release|Any CPU
		{E52851FF-6340-491A-BC29-97DF0427CC65}.Debug|Any CPU.ActiveCfg = Debug|Any CPU
		{E52851FF-6340-491A-BC29-97DF0427CC65}.Debug|Any CPU.Build.0 = Debug|Any CPU
		{E52851FF-6340-491A-BC29-97DF0427CC65}.Release|Any CPU.ActiveCfg = Release|Any CPU
		{E52851FF-6340-491A-BC29-97DF0427CC65}.Release|Any CPU.Build.0 = Release|Any CPU
		{D6409758-8D7A-47EA-8DC9-3FCCEA68A03B}.Debug|Any CPU.ActiveCfg = Debug|Any CPU
		{D6409758-8D7A-47EA-8DC9-3FCCEA68A03B}.Debug|Any CPU.Build.0 = Debug|Any CPU
		{D6409758-8D7A-47EA-8DC9-3FCCEA68A03B}.Release|Any CPU.ActiveCfg = Release|Any CPU
		{D6409758-8D7A-47EA-8DC9-3FCCEA68A03B}.Release|Any CPU.Build.0 = Release|Any CPU
		{3806DD9A-5E69-4C1D-9188-B97E87706F4F}.Debug|Any CPU.ActiveCfg = Debug|Any CPU
		{3806DD9A-5E69-4C1D-9188-B97E87706F4F}.Debug|Any CPU.Build.0 = Debug|Any CPU
		{3806DD9A-5E69-4C1D-9188-B97E87706F4F}.Release|Any CPU.ActiveCfg = Release|Any CPU
		{3806DD9A-5E69-4C1D-9188-B97E87706F4F}.Release|Any CPU.Build.0 = Release|Any CPU
		{A3DE4B9B-8865-4926-85AF-3DA91D884C19}.Debug|Any CPU.ActiveCfg = Debug|Any CPU
		{A3DE4B9B-8865-4926-85AF-3DA91D884C19}.Debug|Any CPU.Build.0 = Debug|Any CPU
		{A3DE4B9B-8865-4926-85AF-3DA91D884C19}.Release|Any CPU.ActiveCfg = Release|Any CPU
		{A3DE4B9B-8865-4926-85AF-3DA91D884C19}.Release|Any CPU.Build.0 = Release|Any CPU
	EndGlobalSection
	GlobalSection(SolutionProperties) = preSolution
		HideSolutionNode = FALSE
	EndGlobalSection
	GlobalSection(NestedProjects) = preSolution
		{16B03E76-BC65-4E3B-AD76-879A1D38A691} = {D380CCBE-1ECE-40C6-9AA9-33AC4AA655F1}
		{54EEE9C5-8959-43F7-B9B1-16F01A100E85} = {D380CCBE-1ECE-40C6-9AA9-33AC4AA655F1}
		{61012060-1E40-4255-B1A5-6FEA9CE767B4} = {D380CCBE-1ECE-40C6-9AA9-33AC4AA655F1}
		{B112E2EC-7113-4ACF-A4B7-0F1076AD2E30} = {D380CCBE-1ECE-40C6-9AA9-33AC4AA655F1}
		{710A9191-D20A-4B18-B9BA-CE90AD29C5EF} = {B112E2EC-7113-4ACF-A4B7-0F1076AD2E30}
		{E52851FF-6340-491A-BC29-97DF0427CC65} = {54EEE9C5-8959-43F7-B9B1-16F01A100E85}
		{D6409758-8D7A-47EA-8DC9-3FCCEA68A03B} = {54EEE9C5-8959-43F7-B9B1-16F01A100E85}
		{3806DD9A-5E69-4C1D-9188-B97E87706F4F} = {61012060-1E40-4255-B1A5-6FEA9CE767B4}
		{A3DE4B9B-8865-4926-85AF-3DA91D884C19} = {16B03E76-BC65-4E3B-AD76-879A1D38A691}
	EndGlobalSection
	GlobalSection(ExtensibilityGlobals) = postSolution
		SolutionGuid = {79593958-C9AD-451E-A7A1-BF60CCF3A17C}
	EndGlobalSection
EndGlobal
